<?xml version="1.0" encoding="utf-8"?>
<Project ToolsVersion="4.0" xmlns="http://schemas.microsoft.com/developer/msbuild/2003">
  <ItemGroup>
    <Filter Include="Source Files">
      <UniqueIdentifier>{4FC737F1-C7A5-4376-A066-2A32D752A2FF}</UniqueIdentifier>
      <Extensions>cpp;c;cc;cxx;c++;cppm;ixx;def;odl;idl;hpj;bat;asm;asmx</Extensions>
    </Filter>
    <Filter Include="Header Files">
      <UniqueIdentifier>{93995380-89BD-4b04-88EB-625FBE52EBFB}</UniqueIdentifier>
      <Extensions>h;hh;hpp;hxx;h++;hm;inl;inc;ipp;xsd</Extensions>
    </Filter>
    <Filter Include="Resource Files">
      <UniqueIdentifier>{67DA6AB6-F800-4c08-8B7A-83BB121AAD01}</UniqueIdentifier>
      <Extensions>rc;ico;cur;bmp;dlg;rc2;rct;bin;rgs;gif;jpg;jpeg;jpe;resx;tiff;tif;png;wav;mfcribbon-ms</Extensions>
    </Filter>
    <Filter Include="Header Files\lib">
      <UniqueIdentifier>{3385416d-8d1d-46b2-86ae-fe6eb17d1fe5}</UniqueIdentifier>
    </Filter>
    <Filter Include="Header Files\classes">
      <UniqueIdentifier>{545db44e-6f30-4321-a6bd-d9140c9db724}</UniqueIdentifier>
    </Filter>
    <Filter Include="Header Files\Sub Menue ManageUsers">
      <UniqueIdentifier>{019b331d-74cb-4e17-8299-45c747374c96}</UniqueIdentifier>
    </Filter>
    <Filter Include="Header Files\Sub Menue Transaction">
      <UniqueIdentifier>{fcecddde-71d7-49e6-a873-c7daa4f7fa69}</UniqueIdentifier>
    </Filter>
    <Filter Include="Header Files\Log in">
      <UniqueIdentifier>{0d27eeb0-e5c1-4839-8eae-1de19e5901c9}</UniqueIdentifier>
    </Filter>
    <Filter Include="Header Files\clsGlobal">
      <UniqueIdentifier>{bf19311c-3083-4a29-addd-6ed3375d8b57}</UniqueIdentifier>
    </Filter>
    <Filter Include="Header Files\clsMainScreen">
      <UniqueIdentifier>{737236fb-af2f-4799-9342-1acb2d3e049d}</UniqueIdentifier>
    </Filter>
  </ItemGroup>
  <ItemGroup>
    <ClCompile Include="Course11.cpp">
      <Filter>Source Files</Filter>
    </ClCompile>
  </ItemGroup>
  <ItemGroup>
    <ClInclude Include="clsDate.h">
      <Filter>Header Files\lib</Filter>
    </ClInclude>
    <ClInclude Include="clsInputValidate.h">
      <Filter>Header Files\lib</Filter>
    </ClInclude>
    <ClInclude Include="clsString.h">
      <Filter>Header Files\lib</Filter>
    </ClInclude>
    <ClInclude Include="clsUtil.h">
      <Filter>Header Files\lib</Filter>
    </ClInclude>
    <ClInclude Include="clsPerson.h">
      <Filter>Header Files\classes</Filter>
    </ClInclude>
    <ClInclude Include="clsBankClient.h">
      <Filter>Header Files\classes</Filter>
    </ClInclude>
    <ClInclude Include="resource.h">
      <Filter>Header Files</Filter>
    </ClInclude>
    <ClInclude Include="clsTransactionMenu.h">
      <Filter>Header Files\Sub Menue Transaction</Filter>
    </ClInclude>
    <ClInclude Include="clsDepositScreen.h">
      <Filter>Header Files\Sub Menue Transaction</Filter>
    </ClInclude>
    <ClInclude Include="clsWithdrawMoneyScreen.h">
      <Filter>Header Files\Sub Menue Transaction</Filter>
    </ClInclude>
    <ClInclude Include="clsTotalBalancesScreen.h">
      <Filter>Header Files\Sub Menue Transaction</Filter>
    </ClInclude>
    <ClInclude Include="clsManageUsersScreen.h">
      <Filter>Header Files\Sub Menue ManageUsers</Filter>
    </ClInclude>
    <ClInclude Include="clsUsers.h">
      <Filter>Header Files\classes</Filter>
    </ClInclude>
    <ClInclude Include="clsUserListScreen.h">
      <Filter>Header Files\Sub Menue ManageUsers</Filter>
    </ClInclude>
    <ClInclude Include="clsAddNewUserScreen.h">
      <Filter>Header Files\Sub Menue ManageUsers</Filter>
    </ClInclude>
    <ClInclude Include="clsDeleteUserScreen.h">
      <Filter>Header Files\Sub Menue ManageUsers</Filter>
    </ClInclude>
    <ClInclude Include="clsUpdateUserScreen.h">
      <Filter>Header Files\Sub Menue ManageUsers</Filter>
    </ClInclude>
    <ClInclude Include="clsFindUserScreen.h">
      <Filter>Header Files\Sub Menue ManageUsers</Filter>
    </ClInclude>
    <ClInclude Include="clsLogInScreen.h">
      <Filter>Header Files\Log in</Filter>
    </ClInclude>
    <ClInclude Include="clsAddNewClientScreen.h">
      <Filter>Header Files\clsMainScreen</Filter>
    </ClInclude>
    <ClInclude Include="clsClientListScreen.h">
      <Filter>Header Files\clsMainScreen</Filter>
    </ClInclude>
    <ClInclude Include="clsDeleteClientScreen.h">
      <Filter>Header Files\clsMainScreen</Filter>
    </ClInclude>
    <ClInclude Include="clsFindClientScreen.h">
      <Filter>Header Files\clsMainScreen</Filter>
    </ClInclude>
    <ClInclude Include="clsMainScreen.h">
      <Filter>Header Files\clsMainScreen</Filter>
    </ClInclude>
    <ClInclude Include="clsTitleHeader.h">
      <Filter>Header Files\clsGlobal</Filter>
    </ClInclude>
    <ClInclude Include="clsUpdateClientScreen.h">
      <Filter>Header Files\clsMainScreen</Filter>
    </ClInclude>
    <ClInclude Include="Global.h">
      <Filter>Header Files\clsGlobal</Filter>
    </ClInclude>
    <ClInclude Include="clsLoginRegisterScreen.h">
      <Filter>Header Files\clsMainScreen</Filter>
    </ClInclude>
    <ClInclude Include="TransferLoginHistory.h">
      <Filter>Header Files\Log in</Filter>
    </ClInclude>
    <ClInclude Include="clsTransferMoneyScreen.h">
      <Filter>Header Files\Sub Menue Transaction</Filter>
    </ClInclude>
    <ClInclude Include="clsTransferMoneyLogScreen.h">
      <Filter>Header Files\Sub Menue Transaction</Filter>
    </ClInclude>
  </ItemGroup>
  <ItemGroup>
    <ResourceCompile Include="Course11.rc">
      <Filter>Resource Files</Filter>
    </ResourceCompile>
  </ItemGroup>
</Project>